github.com/domainry/domainry-identity-sdk v0.1.1-dev7 h1:pegB7MZWi4fuopt9VmmBbFNFOlYUCAowUO+sXw9GO40=
github.com/domainry/domainry-identity-sdk v0.1.1-dev7/go.mod h1:TnqESeZbDTAkPTeoC+bIJN4M4Cu7qnjnAr/R223Ix1c=
github.com/domainry/domainry-notification-sdk v0.1.0-dev.7 h1:5jnJZTBe4NQbqA4KBJkYPib4RACPHdT7qCB7rsRg1ak=
github.com/domainry/domainry-notification-sdk v0.1.0-dev.7/go.mod h1:fC0kpRZJ5bJruvMmAEZDupG9vZfLTyKaThd+L3oV+Hg=
github.com/domainry/domainry-orm v0.1.29 h1:cJLNjxCDmqQfY3//5l25T51tbrPUw30cO3aandF5VCw=
github.com/domainry/domainry-orm v0.1.29/go.mod h1:NKMojLuridkYCS4i5L7BO7LMTMsf/uOkWQ9OQ+9Vdn4=
